
Microsoft Visual Studio Solution File, Format Version 12.00
# Visual Studio 2013
VisualStudioVersion = 12.0.30501.0
MinimumVisualStudioVersion = 10.0.40219.1
Project("{FAE04EC0-301F-11D3-BF4B-00C04F79EFBC}") = "AsynchServer", "AsynchServer\AsynchServer.csproj", "{176A3A06-8F54-4B64-94CD-D22D9380C1A4}"
EndProject
Project("{FAE04EC0-301F-11D3-BF4B-00C04F79EFBC}") = "ConsoleApplicationClient", "ConsoleApplicationClient\ConsoleApplicationClient.csproj", "{697AAC34-22F9-42AF-A14B-035099A5251A}"
EndProject
Global
	GlobalSection(SolutionConfigurationPlatforms) = preSolution
		Debug|Any CPU = Debug|Any CPU
		Release|Any CPU = Release|Any CPU
	EndGlobalSection
	GlobalSection(ProjectConfigurationPlatforms) = postSolution
		{176A3A06-8F54-4B64-94CD-D22D9380C1A4}.Debug|Any CPU.ActiveCfg = Debug|Any CPU
		{176A3A06-8F54-4B64-94CD-D22D9380C1A4}.Debug|Any CPU.Build.0 = Debug|Any CPU
		{176A3A06-8F54-4B64-94CD-D22D9380C1A4}.Release|Any CPU.ActiveCfg = Release|Any CPU
		{176A3A06-8F54-4B64-94CD-D22D9380C1A4}.Release|Any CPU.Build.0 = Release|Any CPU
		{697AAC34-22F9-42AF-A14B-035099A5251A}.Debug|Any CPU.ActiveCfg = Debug|Any CPU
		{697AAC34-22F9-42AF-A14B-035099A5251A}.Debug|Any CPU.Build.0 = Debug|Any CPU
		{697AAC34-22F9-42AF-A14B-035099A5251A}.Release|Any CPU.ActiveCfg = Release|Any CPU
		{697AAC34-22F9-42AF-A14B-035099A5251A}.Release|Any CPU.Build.0 = Release|Any CPU
	EndGlobalSection
	GlobalSection(SolutionProperties) = preSolution
		HideSolutionNode = FALSE
	EndGlobalSection
EndGlobal
